
Microsoft Visual Studio Solution File, Format Version 12.00
# Visual Studio Version 17
VisualStudioVersion = 17.5.33530.505
MinimumVisualStudioVersion = 10.0.40219.1
Project("{8BC9CEB8-8B4A-11D0-8D11-00A0C91BC942}") = "tree", "tree\tree.vcxproj", "{29FE61AD-5AA5-4C28-A4A1-811F72F1DC63}"
	ProjectSection(ProjectDependencies) = postProject
		{CC5A99BE-C452-49E4-8E85-9EA98086B971} = {CC5A99BE-C452-49E4-8E85-9EA98086B971}
	EndProjectSection
EndProject
Project("{8BC9CEB8-8B4A-11D0-8D11-00A0C91BC942}") = "file_filter", "file_filter\file_filter.vcxproj", "{7132E726-B9CE-40DA-8E22-B4E243200EDE}"
	ProjectSection(ProjectDependencies) = postProject
		{CC5A99BE-C452-49E4-8E85-9EA98086B971} = {CC5A99BE-C452-49E4-8E85-9EA98086B971}
	EndProjectSection
EndProject
Project("{8BC9CEB8-8B4A-11D0-8D11-00A0C91BC942}") = "file_lib", "file_lib\file_lib.vcxproj", "{CC5A99BE-C452-49E4-8E85-9EA98086B971}"
EndProject
Project("{8BC9CEB8-8B4A-11D0-8D11-00A0C91BC942}") = "user_group", "user_group\user_group.vcxproj", "{43046AEA-52B6-45C8-9044-90E856E7E6CC}"
EndProject
Project("{8BC9CEB8-8B4A-11D0-8D11-00A0C91BC942}") = "gdi_draw", "gdi_draw\gdi_draw.vcxproj", "{CD29529C-0355-4596-A876-A53CBA44E26E}"
	ProjectSection(ProjectDependencies) = postProject
		{83EF5856-41A6-416B-B978-FEE1570CEC07} = {83EF5856-41A6-416B-B978-FEE1570CEC07}
	EndProjectSection
EndProject
Project("{8BC9CEB8-8B4A-11D0-8D11-00A0C91BC942}") = "dd_draw", "dd_draw\dd_draw.vcxproj", "{DAB5EC78-B52B-4829-B531-9E46AD93D888}"
	ProjectSection(ProjectDependencies) = postProject
		{83EF5856-41A6-416B-B978-FEE1570CEC07} = {83EF5856-41A6-416B-B978-FEE1570CEC07}
	EndProjectSection
EndProject
Project("{8BC9CEB8-8B4A-11D0-8D11-00A0C91BC942}") = "gl_draw", "gl_draw\gl_draw.vcxproj", "{0F5579AB-FF32-41B9-B358-CF8B864B5D8F}"
	ProjectSection(ProjectDependencies) = postProject
		{83EF5856-41A6-416B-B978-FEE1570CEC07} = {83EF5856-41A6-416B-B978-FEE1570CEC07}
	EndProjectSection
EndProject
Project("{8BC9CEB8-8B4A-11D0-8D11-00A0C91BC942}") = "win_lib", "win_lib\win_lib.vcxproj", "{83EF5856-41A6-416B-B978-FEE1570CEC07}"
EndProject
Project("{8BC9CEB8-8B4A-11D0-8D11-00A0C91BC942}") = "raw_mouse", "raw_mouse\raw_mouse.vcxproj", "{0E63019F-E98E-4A37-93F7-CBADBCE3BBEE}"
	ProjectSection(ProjectDependencies) = postProject
		{83EF5856-41A6-416B-B978-FEE1570CEC07} = {83EF5856-41A6-416B-B978-FEE1570CEC07}
	EndProjectSection
EndProject
Global
	GlobalSection(SolutionConfigurationPlatforms) = preSolution
		Debug|x64 = Debug|x64
		Debug|x86 = Debug|x86
		Release|x64 = Release|x64
		Release|x86 = Release|x86
	EndGlobalSection
	GlobalSection(ProjectConfigurationPlatforms) = postSolution
		{29FE61AD-5AA5-4C28-A4A1-811F72F1DC63}.Debug|x64.ActiveCfg = Debug|x64
		{29FE61AD-5AA5-4C28-A4A1-811F72F1DC63}.Debug|x64.Build.0 = Debug|x64
		{29FE61AD-5AA5-4C28-A4A1-811F72F1DC63}.Debug|x86.ActiveCfg = Debug|Win32
		{29FE61AD-5AA5-4C28-A4A1-811F72F1DC63}.Debug|x86.Build.0 = Debug|Win32
		{29FE61AD-5AA5-4C28-A4A1-811F72F1DC63}.Release|x64.ActiveCfg = Release|x64
		{29FE61AD-5AA5-4C28-A4A1-811F72F1DC63}.Release|x64.Build.0 = Release|x64
		{29FE61AD-5AA5-4C28-A4A1-811F72F1DC63}.Release|x86.ActiveCfg = Release|Win32
		{29FE61AD-5AA5-4C28-A4A1-811F72F1DC63}.Release|x86.Build.0 = Release|Win32
		{7132E726-B9CE-40DA-8E22-B4E243200EDE}.Debug|x64.ActiveCfg = Debug|x64
		{7132E726-B9CE-40DA-8E22-B4E243200EDE}.Debug|x64.Build.0 = Debug|x64
		{7132E726-B9CE-40DA-8E22-B4E243200EDE}.Debug|x86.ActiveCfg = Debug|Win32
		{7132E726-B9CE-40DA-8E22-B4E243200EDE}.Debug|x86.Build.0 = Debug|Win32
		{7132E726-B9CE-40DA-8E22-B4E243200EDE}.Release|x64.ActiveCfg = Release|x64
		{7132E726-B9CE-40DA-8E22-B4E243200EDE}.Release|x64.Build.0 = Release|x64
		{7132E726-B9CE-40DA-8E22-B4E243200EDE}.Release|x86.ActiveCfg = Release|Win32
		{7132E726-B9CE-40DA-8E22-B4E243200EDE}.Release|x86.Build.0 = Release|Win32
		{CC5A99BE-C452-49E4-8E85-9EA98086B971}.Debug|x64.ActiveCfg = Debug|x64
		{CC5A99BE-C452-49E4-8E85-9EA98086B971}.Debug|x64.Build.0 = Debug|x64
		{CC5A99BE-C452-49E4-8E85-9EA98086B971}.Debug|x86.ActiveCfg = Debug|Win32
		{CC5A99BE-C452-49E4-8E85-9EA98086B971}.Debug|x86.Build.0 = Debug|Win32
		{CC5A99BE-C452-49E4-8E85-9EA98086B971}.Release|x64.ActiveCfg = Release|x64
		{CC5A99BE-C452-49E4-8E85-9EA98086B971}.Release|x64.Build.0 = Release|x64
		{CC5A99BE-C452-49E4-8E85-9EA98086B971}.Release|x86.ActiveCfg = Release|Win32
		{CC5A99BE-C452-49E4-8E85-9EA98086B971}.Release|x86.Build.0 = Release|Win32
		{43046AEA-52B6-45C8-9044-90E856E7E6CC}.Debug|x64.ActiveCfg = Debug|x64
		{43046AEA-52B6-45C8-9044-90E856E7E6CC}.Debug|x64.Build.0 = Debug|x64
		{43046AEA-52B6-45C8-9044-90E856E7E6CC}.Debug|x86.ActiveCfg = Debug|Win32
		{43046AEA-52B6-45C8-9044-90E856E7E6CC}.Debug|x86.Build.0 = Debug|Win32
		{43046AEA-52B6-45C8-9044-90E856E7E6CC}.Release|x64.ActiveCfg = Release|x64
		{43046AEA-52B6-45C8-9044-90E856E7E6CC}.Release|x64.Build.0 = Release|x64
		{43046AEA-52B6-45C8-9044-90E856E7E6CC}.Release|x86.ActiveCfg = Release|Win32
		{43046AEA-52B6-45C8-9044-90E856E7E6CC}.Release|x86.Build.0 = Release|Win32
		{CD29529C-0355-4596-A876-A53CBA44E26E}.Debug|x64.ActiveCfg = Debug|x64
		{CD29529C-0355-4596-A876-A53CBA44E26E}.Debug|x64.Build.0 = Debug|x64
		{CD29529C-0355-4596-A876-A53CBA44E26E}.Debug|x86.ActiveCfg = Debug|Win32
		{CD29529C-0355-4596-A876-A53CBA44E26E}.Debug|x86.Build.0 = Debug|Win32
		{CD29529C-0355-4596-A876-A53CBA44E26E}.Release|x64.ActiveCfg = Release|x64
		{CD29529C-0355-4596-A876-A53CBA44E26E}.Release|x64.Build.0 = Release|x64
		{CD29529C-0355-4596-A876-A53CBA44E26E}.Release|x86.ActiveCfg = Release|Win32
		{CD29529C-0355-4596-A876-A53CBA44E26E}.Release|x86.Build.0 = Release|Win32
		{DAB5EC78-B52B-4829-B531-9E46AD93D888}.Debug|x64.ActiveCfg = Debug|x64
		{DAB5EC78-B52B-4829-B531-9E46AD93D888}.Debug|x64.Build.0 = Debug|x64
		{DAB5EC78-B52B-4829-B531-9E46AD93D888}.Debug|x86.ActiveCfg = Debug|Win32
		{DAB5EC78-B52B-4829-B531-9E46AD93D888}.Debug|x86.Build.0 = Debug|Win32
		{DAB5EC78-B52B-4829-B531-9E46AD93D888}.Release|x64.ActiveCfg = Release|x64
		{DAB5EC78-B52B-4829-B531-9E46AD93D888}.Release|x64.Build.0 = Release|x64
		{DAB5EC78-B52B-4829-B531-9E46AD93D888}.Release|x86.ActiveCfg = Release|Win32
		{DAB5EC78-B52B-4829-B531-9E46AD93D888}.Release|x86.Build.0 = Release|Win32
		{0F5579AB-FF32-41B9-B358-CF8B864B5D8F}.Debug|x64.ActiveCfg = Debug|x64
		{0F5579AB-FF32-41B9-B358-CF8B864B5D8F}.Debug|x64.Build.0 = Debug|x64
		{0F5579AB-FF32-41B9-B358-CF8B864B5D8F}.Debug|x86.ActiveCfg = Debug|Win32
		{0F5579AB-FF32-41B9-B358-CF8B864B5D8F}.Debug|x86.Build.0 = Debug|Win32
		{0F5579AB-FF32-41B9-B358-CF8B864B5D8F}.Release|x64.ActiveCfg = Release|x64
		{0F5579AB-FF32-41B9-B358-CF8B864B5D8F}.Release|x64.Build.0 = Release|x64
		{0F5579AB-FF32-41B9-B358-CF8B864B5D8F}.Release|x86.ActiveCfg = Release|Win32
		{0F5579AB-FF32-41B9-B358-CF8B864B5D8F}.Release|x86.Build.0 = Release|Win32
		{83EF5856-41A6-416B-B978-FEE1570CEC07}.Debug|x64.ActiveCfg = Debug|x64
		{83EF5856-41A6-416B-B978-FEE1570CEC07}.Debug|x64.Build.0 = Debug|x64
		{83EF5856-41A6-416B-B978-FEE1570CEC07}.Debug|x86.ActiveCfg = Debug|Win32
		{83EF5856-41A6-416B-B978-FEE1570CEC07}.Debug|x86.Build.0 = Debug|Win32
		{83EF5856-41A6-416B-B978-FEE1570CEC07}.Release|x64.ActiveCfg = Release|x64
		{83EF5856-41A6-416B-B978-FEE1570CEC07}.Release|x64.Build.0 = Release|x64
		{83EF5856-41A6-416B-B978-FEE1570CEC07}.Release|x86.ActiveCfg = Release|Win32
		{83EF5856-41A6-416B-B978-FEE1570CEC07}.Release|x86.Build.0 = Release|Win32
		{0E63019F-E98E-4A37-93F7-CBADBCE3BBEE}.Debug|x64.ActiveCfg = Debug|x64
		{0E63019F-E98E-4A37-93F7-CBADBCE3BBEE}.Debug|x64.Build.0 = Debug|x64
		{0E63019F-E98E-4A37-93F7-CBADBCE3BBEE}.Debug|x86.ActiveCfg = Debug|Win32
		{0E63019F-E98E-4A37-93F7-CBADBCE3BBEE}.Debug|x86.Build.0 = Debug|Win32
		{0E63019F-E98E-4A37-93F7-CBADBCE3BBEE}.Release|x64.ActiveCfg = Release|x64
		{0E63019F-E98E-4A37-93F7-CBADBCE3BBEE}.Release|x64.Build.0 = Release|x64
		{0E63019F-E98E-4A37-93F7-CBADBCE3BBEE}.Release|x86.ActiveCfg = Release|Win32
		{0E63019F-E98E-4A37-93F7-CBADBCE3BBEE}.Release|x86.Build.0 = Release|Win32
	EndGlobalSection
	GlobalSection(SolutionProperties) = preSolution
		HideSolutionNode = FALSE
	EndGlobalSection
	GlobalSection(ExtensibilityGlobals) = postSolution
		SolutionGuid = {6A74EB6B-5613-4E7C-917A-81AE98A26C7F}
	EndGlobalSection
EndGlobal
